
Microsoft Visual Studio Solution File, Format Version 12.00
# Visual Studio Version 16
VisualStudioVersion = 16.0.31025.194
MinimumVisualStudioVersion = 10.0.40219.1
Project("{FAE04EC0-301F-11D3-BF4B-00C04F79EFBC}") = "PathfinderPatcher", "PathfinderPatcher\PathfinderPatcher.csproj", "{71E84BE2-DC97-41A1-B96C-090005A851F9}"
EndProject
Project("{FAE04EC0-301F-11D3-BF4B-00C04F79EFBC}") = "BepInEx.Hacknet", "BepInEx.Hacknet\BepInEx.Hacknet.csproj", "{64FAEDA5-E87C-47ED-8200-E1DE1F263040}"
EndProject
Project("{FAE04EC0-301F-11D3-BF4B-00C04F79EFBC}") = "ExampleMod", "ExampleMod\ExampleMod.csproj", "{D9FD21F5-A4EA-4B32-915F-31FD1EB7F2BD}"
EndProject
Project("{FAE04EC0-301F-11D3-BF4B-00C04F79EFBC}") = "PathfinderAPI", "PathfinderAPI\PathfinderAPI.csproj", "{4DE0A4CF-EC60-46E1-AD96-BE3A0F5BE406}"
EndProject
Project("{FAE04EC0-301F-11D3-BF4B-00C04F79EFBC}") = "PathfinderUpdater", "PathfinderUpdater\PathfinderUpdater.csproj", "{A21A9ADF-50A9-4F73-AA14-59CF85E4CA9B}"
EndProject
Project("{FAE04EC0-301F-11D3-BF4B-00C04F79EFBC}") = "PathfinderBuildTasks", "PathfinderBuildTasks\PathfinderBuildTasks.csproj", "{915CE70F-2E7E-4EF2-9083-98CF1A6EF887}"
EndProject
Global
	GlobalSection(SolutionConfigurationPlatforms) = preSolution
		Debug|Any CPU = Debug|Any CPU
		Release|Any CPU = Release|Any CPU
	EndGlobalSection
	GlobalSection(ProjectConfigurationPlatforms) = postSolution
		{71E84BE2-DC97-41A1-B96C-090005A851F9}.Debug|Any CPU.ActiveCfg = Debug|Any CPU
		{71E84BE2-DC97-41A1-B96C-090005A851F9}.Debug|Any CPU.Build.0 = Debug|Any CPU
		{71E84BE2-DC97-41A1-B96C-090005A851F9}.Release|Any CPU.ActiveCfg = Release|Any CPU
		{71E84BE2-DC97-41A1-B96C-090005A851F9}.Release|Any CPU.Build.0 = Release|Any CPU
		{64FAEDA5-E87C-47ED-8200-E1DE1F263040}.Debug|Any CPU.ActiveCfg = Debug|Any CPU
		{64FAEDA5-E87C-47ED-8200-E1DE1F263040}.Debug|Any CPU.Build.0 = Debug|Any CPU
		{64FAEDA5-E87C-47ED-8200-E1DE1F263040}.Release|Any CPU.ActiveCfg = Release|Any CPU
		{64FAEDA5-E87C-47ED-8200-E1DE1F263040}.Release|Any CPU.Build.0 = Release|Any CPU
		{D9FD21F5-A4EA-4B32-915F-31FD1EB7F2BD}.Debug|Any CPU.ActiveCfg = Debug|Any CPU
		{D9FD21F5-A4EA-4B32-915F-31FD1EB7F2BD}.Debug|Any CPU.Build.0 = Debug|Any CPU
		{D9FD21F5-A4EA-4B32-915F-31FD1EB7F2BD}.Release|Any CPU.ActiveCfg = Release|Any CPU
		{D9FD21F5-A4EA-4B32-915F-31FD1EB7F2BD}.Release|Any CPU.Build.0 = Release|Any CPU
		{4DE0A4CF-EC60-46E1-AD96-BE3A0F5BE406}.Debug|Any CPU.ActiveCfg = Debug|Any CPU
		{4DE0A4CF-EC60-46E1-AD96-BE3A0F5BE406}.Debug|Any CPU.Build.0 = Debug|Any CPU
		{4DE0A4CF-EC60-46E1-AD96-BE3A0F5BE406}.Release|Any CPU.ActiveCfg = Release|Any CPU
		{4DE0A4CF-EC60-46E1-AD96-BE3A0F5BE406}.Release|Any CPU.Build.0 = Release|Any CPU
		{A21A9ADF-50A9-4F73-AA14-59CF85E4CA9B}.Debug|Any CPU.ActiveCfg = Debug|Any CPU
		{A21A9ADF-50A9-4F73-AA14-59CF85E4CA9B}.Debug|Any CPU.Build.0 = Debug|Any CPU
		{A21A9ADF-50A9-4F73-AA14-59CF85E4CA9B}.Release|Any CPU.ActiveCfg = Release|Any CPU
		{A21A9ADF-50A9-4F73-AA14-59CF85E4CA9B}.Release|Any CPU.Build.0 = Release|Any CPU
		{915CE70F-2E7E-4EF2-9083-98CF1A6EF887}.Debug|Any CPU.ActiveCfg = Debug|Any CPU
		{915CE70F-2E7E-4EF2-9083-98CF1A6EF887}.Debug|Any CPU.Build.0 = Debug|Any CPU
		{915CE70F-2E7E-4EF2-9083-98CF1A6EF887}.Release|Any CPU.ActiveCfg = Release|Any CPU
		{915CE70F-2E7E-4EF2-9083-98CF1A6EF887}.Release|Any CPU.Build.0 = Release|Any CPU
	EndGlobalSection
	GlobalSection(SolutionProperties) = preSolution
		HideSolutionNode = FALSE
	EndGlobalSection
	GlobalSection(ExtensibilityGlobals) = postSolution
		SolutionGuid = {3EA218DB-98A5-42B2-BCDD-37F5C4994F64}
	EndGlobalSection
EndGlobal
