Microsoft Visual Studio Solution File, Format Version 12.00
# Visual Studio 14
VisualStudioVersion = 14.0.23107.0
MinimumVisualStudioVersion = 10.0.40219.1
Project("{FAE04EC0-301F-11D3-BF4B-00C04F79EFBC}") = "HacknetPathfinder", "HacknetPathfinder.csproj", "{B46D689F-4F1A-432C-8755-15BD50755016}"
EndProject
Project("{FAE04EC0-301F-11D3-BF4B-00C04F79EFBC}") = "Pathfinder", "..\Pathfinder\Pathfinder.csproj", "{56CC3A7F-445F-4121-9EF6-6C6C1B4F6001}"
EndProject
Global
	GlobalSection(SolutionConfigurationPlatforms) = preSolution
		Debug|Any CPU = Debug|Any CPU
		Release|Any CPU = Release|Any CPU
	EndGlobalSection
	GlobalSection(ProjectConfigurationPlatforms) = postSolution
		{B46D689F-4F1A-432C-8755-15BD50755016}.Debug|Any CPU.ActiveCfg = Debug|Any CPU
		{B46D689F-4F1A-432C-8755-15BD50755016}.Debug|Any CPU.Build.0 = Debug|Any CPU
		{B46D689F-4F1A-432C-8755-15BD50755016}.Release|Any CPU.ActiveCfg = Release|Any CPU
		{B46D689F-4F1A-432C-8755-15BD50755016}.Release|Any CPU.Build.0 = Release|Any CPU
		{56CC3A7F-445F-4121-9EF6-6C6C1B4F6001}.Debug|Any CPU.ActiveCfg = Debug|Any CPU
		{56CC3A7F-445F-4121-9EF6-6C6C1B4F6001}.Debug|Any CPU.Build.0 = Debug|Any CPU
		{56CC3A7F-445F-4121-9EF6-6C6C1B4F6001}.Release|Any CPU.ActiveCfg = Release|Any CPU
		{56CC3A7F-445F-4121-9EF6-6C6C1B4F6001}.Release|Any CPU.Build.0 = Release|Any CPU
	EndGlobalSection
	GlobalSection(SolutionProperties) = preSolution
		HideSolutionNode = FALSE
	EndGlobalSection
EndGlobal
