Microsoft Visual Studio Solution File, Format Version 12.00
# Visual Studio 14
VisualStudioVersion = 14.0.25420.1
MinimumVisualStudioVersion = 10.0.40219.1
Project("{FAE04EC0-301F-11D3-BF4B-00C04F79EFBC}") = "PathfinderPatcher", "PathfinderPatcher\PathfinderPatcher.csproj", "{FCD7FD47-6B38-47F4-9761-FC4290110125}"
EndProject
Project("{FAE04EC0-301F-11D3-BF4B-00C04F79EFBC}") = "TemplateMod", "TemplateMod\TemplateMod.csproj", "{8B86A3C8-3234-405D-BA3C-0E58DA65D8AF}"
EndProject
Project("{FAE04EC0-301F-11D3-BF4B-00C04F79EFBC}") = "Pathfinder", "Pathfinder.csproj", "{F321B880-D4FC-4DF6-8CE3-666B29EF41C7}"
EndProject
Project("{FAE04EC0-301F-11D3-BF4B-00C04F79EFBC}") = "HacknetKernelUtilities", "HacknetKernelUtilities\HacknetKernelUtilities.csproj", "{D411A04D-127F-4485-8EF1-DEE4E310A9AA}"
EndProject
Global
	GlobalSection(SolutionConfigurationPlatforms) = preSolution
		Debug|Any CPU = Debug|Any CPU
		Release|Any CPU = Release|Any CPU
		Spit|Any CPU = Spit|Any CPU
	EndGlobalSection
	GlobalSection(ProjectConfigurationPlatforms) = postSolution
		{FCD7FD47-6B38-47F4-9761-FC4290110125}.Debug|Any CPU.ActiveCfg = Debug|Any CPU
		{FCD7FD47-6B38-47F4-9761-FC4290110125}.Debug|Any CPU.Build.0 = Debug|Any CPU
		{FCD7FD47-6B38-47F4-9761-FC4290110125}.Release|Any CPU.ActiveCfg = Release|Any CPU
		{FCD7FD47-6B38-47F4-9761-FC4290110125}.Release|Any CPU.Build.0 = Release|Any CPU
		{FCD7FD47-6B38-47F4-9761-FC4290110125}.Spit|Any CPU.ActiveCfg = Spit|Any CPU
		{FCD7FD47-6B38-47F4-9761-FC4290110125}.Spit|Any CPU.Build.0 = Spit|Any CPU
		{8B86A3C8-3234-405D-BA3C-0E58DA65D8AF}.Debug|Any CPU.ActiveCfg = Debug|Any CPU
		{8B86A3C8-3234-405D-BA3C-0E58DA65D8AF}.Debug|Any CPU.Build.0 = Debug|Any CPU
		{8B86A3C8-3234-405D-BA3C-0E58DA65D8AF}.Release|Any CPU.ActiveCfg = Release|Any CPU
		{8B86A3C8-3234-405D-BA3C-0E58DA65D8AF}.Release|Any CPU.Build.0 = Release|Any CPU
		{8B86A3C8-3234-405D-BA3C-0E58DA65D8AF}.Spit|Any CPU.ActiveCfg = Release|Any CPU
		{8B86A3C8-3234-405D-BA3C-0E58DA65D8AF}.Spit|Any CPU.Build.0 = Release|Any CPU
		{F321B880-D4FC-4DF6-8CE3-666B29EF41C7}.Debug|Any CPU.ActiveCfg = Debug|Any CPU
		{F321B880-D4FC-4DF6-8CE3-666B29EF41C7}.Debug|Any CPU.Build.0 = Debug|Any CPU
		{F321B880-D4FC-4DF6-8CE3-666B29EF41C7}.Release|Any CPU.ActiveCfg = Release|Any CPU
		{F321B880-D4FC-4DF6-8CE3-666B29EF41C7}.Release|Any CPU.Build.0 = Release|Any CPU
		{F321B880-D4FC-4DF6-8CE3-666B29EF41C7}.Spit|Any CPU.ActiveCfg = Release|Any CPU
		{F321B880-D4FC-4DF6-8CE3-666B29EF41C7}.Spit|Any CPU.Build.0 = Release|Any CPU
		{D411A04D-127F-4485-8EF1-DEE4E310A9AA}.Debug|Any CPU.ActiveCfg = Debug|Any CPU
		{D411A04D-127F-4485-8EF1-DEE4E310A9AA}.Debug|Any CPU.Build.0 = Debug|Any CPU
		{D411A04D-127F-4485-8EF1-DEE4E310A9AA}.Release|Any CPU.ActiveCfg = Release|Any CPU
		{D411A04D-127F-4485-8EF1-DEE4E310A9AA}.Release|Any CPU.Build.0 = Release|Any CPU
		{D411A04D-127F-4485-8EF1-DEE4E310A9AA}.Spit|Any CPU.ActiveCfg = Release|Any CPU
		{D411A04D-127F-4485-8EF1-DEE4E310A9AA}.Spit|Any CPU.Build.0 = Release|Any CPU
	EndGlobalSection
	GlobalSection(SolutionProperties) = preSolution
		HideSolutionNode = FALSE
	EndGlobalSection
	GlobalSection(MonoDevelopProperties) = preSolution
		Policies = $0
		$0.TextStylePolicy = $1
		$1.NoTabsAfterNonTabs = True
		$1.scope = text/plain
		$1.TabsToSpaces = True
		$0.DotNetNamingPolicy = $2
		$2.DirectoryNamespaceAssociation = Hierarchical
		version = 2.1
	EndGlobalSection
EndGlobal
